
Microsoft Visual Studio Solution File, Format Version 12.00
# Visual Studio Version 17
VisualStudioVersion = 17.2.32616.157
MinimumVisualStudioVersion = 10.0.40219.1
Project("{FAE04EC0-301F-11D3-BF4B-00C04F79EFBC}") = "Lesson2", "Lesson2\Lesson2.csproj", "{90F5DA29-23CC-47A4-A811-7088521E504E}"
EndProject
Project("{FAE04EC0-301F-11D3-BF4B-00C04F79EFBC}") = "Lesson4", "Lesson4\Lesson4.csproj", "{26C3C9CF-6680-4DFC-B2FC-50BF60277205}"
EndProject
Global
	GlobalSection(SolutionConfigurationPlatforms) = preSolution
		Debug|Any CPU = Debug|Any CPU
		Release|Any CPU = Release|Any CPU
	EndGlobalSection
	GlobalSection(ProjectConfigurationPlatforms) = postSolution
		{90F5DA29-23CC-47A4-A811-7088521E504E}.Debug|Any CPU.ActiveCfg = Debug|Any CPU
		{90F5DA29-23CC-47A4-A811-7088521E504E}.Debug|Any CPU.Build.0 = Debug|Any CPU
		{90F5DA29-23CC-47A4-A811-7088521E504E}.Release|Any CPU.ActiveCfg = Release|Any CPU
		{90F5DA29-23CC-47A4-A811-7088521E504E}.Release|Any CPU.Build.0 = Release|Any CPU
		{26C3C9CF-6680-4DFC-B2FC-50BF60277205}.Debug|Any CPU.ActiveCfg = Debug|Any CPU
		{26C3C9CF-6680-4DFC-B2FC-50BF60277205}.Debug|Any CPU.Build.0 = Debug|Any CPU
		{26C3C9CF-6680-4DFC-B2FC-50BF60277205}.Release|Any CPU.ActiveCfg = Release|Any CPU
		{26C3C9CF-6680-4DFC-B2FC-50BF60277205}.Release|Any CPU.Build.0 = Release|Any CPU
	EndGlobalSection
	GlobalSection(SolutionProperties) = preSolution
		HideSolutionNode = FALSE
	EndGlobalSection
	GlobalSection(ExtensibilityGlobals) = postSolution
		SolutionGuid = {105F1F87-32F0-452C-A52F-F3C320A96ACD}
	EndGlobalSection
EndGlobal
